
Microsoft Visual Studio Solution File, Format Version 12.00
Project("{FAE04EC0-301F-11D3-BF4B-00C04F79EFBC}") = "Recipes.Presentation", "Recipes.Presentation\Recipes.Presentation.csproj", "{3A7BCEEF-C529-4127-9D30-42CEC2C2148E}"
EndProject
Project("{FAE04EC0-301F-11D3-BF4B-00C04F79EFBC}") = "Recipes.Presentation.Desktop", "Recipes.Presentation.Desktop\Recipes.Presentation.Desktop.csproj", "{51E6BEE2-BC49-4380-BDF0-158786FE2178}"
EndProject
Project("{FAE04EC0-301F-11D3-BF4B-00C04F79EFBC}") = "Recipes.Application", "Recipes.Application\Recipes.Application.csproj", "{AFC4E46D-40D9-4F5D-9027-983D05F17F16}"
EndProject
Project("{FAE04EC0-301F-11D3-BF4B-00C04F79EFBC}") = "Recipes.Domain", "Recipes.Domain\Recipes.Domain.csproj", "{1633889A-7FBF-4921-8FE2-E5A8628BAEE4}"
EndProject
Global
	GlobalSection(SolutionConfigurationPlatforms) = preSolution
		Debug|Any CPU = Debug|Any CPU
		Release|Any CPU = Release|Any CPU
	EndGlobalSection
	GlobalSection(ProjectConfigurationPlatforms) = postSolution
		{3A7BCEEF-C529-4127-9D30-42CEC2C2148E}.Debug|Any CPU.ActiveCfg = Debug|Any CPU
		{3A7BCEEF-C529-4127-9D30-42CEC2C2148E}.Debug|Any CPU.Build.0 = Debug|Any CPU
		{3A7BCEEF-C529-4127-9D30-42CEC2C2148E}.Release|Any CPU.ActiveCfg = Release|Any CPU
		{3A7BCEEF-C529-4127-9D30-42CEC2C2148E}.Release|Any CPU.Build.0 = Release|Any CPU
		{51E6BEE2-BC49-4380-BDF0-158786FE2178}.Debug|Any CPU.ActiveCfg = Debug|Any CPU
		{51E6BEE2-BC49-4380-BDF0-158786FE2178}.Debug|Any CPU.Build.0 = Debug|Any CPU
		{51E6BEE2-BC49-4380-BDF0-158786FE2178}.Release|Any CPU.ActiveCfg = Release|Any CPU
		{51E6BEE2-BC49-4380-BDF0-158786FE2178}.Release|Any CPU.Build.0 = Release|Any CPU
		{AFC4E46D-40D9-4F5D-9027-983D05F17F16}.Debug|Any CPU.ActiveCfg = Debug|Any CPU
		{AFC4E46D-40D9-4F5D-9027-983D05F17F16}.Debug|Any CPU.Build.0 = Debug|Any CPU
		{AFC4E46D-40D9-4F5D-9027-983D05F17F16}.Release|Any CPU.ActiveCfg = Release|Any CPU
		{AFC4E46D-40D9-4F5D-9027-983D05F17F16}.Release|Any CPU.Build.0 = Release|Any CPU
		{1633889A-7FBF-4921-8FE2-E5A8628BAEE4}.Debug|Any CPU.ActiveCfg = Debug|Any CPU
		{1633889A-7FBF-4921-8FE2-E5A8628BAEE4}.Debug|Any CPU.Build.0 = Debug|Any CPU
		{1633889A-7FBF-4921-8FE2-E5A8628BAEE4}.Release|Any CPU.ActiveCfg = Release|Any CPU
		{1633889A-7FBF-4921-8FE2-E5A8628BAEE4}.Release|Any CPU.Build.0 = Release|Any CPU
	EndGlobalSection
EndGlobal
